// !$*UTF8*$!
{
	archiveVersion = 1;
	classes = {
	};
	objectVersion = 56;
	objects = {

/* Begin PBXBuildFile section */
		AA8B1B2E2C4C091100582826 /* AppDelegate.swift in Sources */ = {isa = PBXBuildFile; fileRef = AA8B1B2D2C4C091100582826 /* AppDelegate.swift */; };
		AA8B1B302C4C091100582826 /* SceneDelegate.swift in Sources */ = {isa = PBXBuildFile; fileRef = AA8B1B2F2C4C091100582826 /* SceneDelegate.swift */; };
		AA8B1B322C4C091100582826 /* WeatherViewController.swift in Sources */ = {isa = PBXBuildFile; fileRef = AA8B1B312C4C091100582826 /* WeatherViewController.swift */; };
		AA8B1B352C4C091100582826 /* Base in Resources */ = {isa = PBXBuildFile; fileRef = AA8B1B342C4C091100582826 /* Base */; };
		AA8B1B372C4C091300582826 /* Assets.xcassets in Resources */ = {isa = PBXBuildFile; fileRef = AA8B1B362C4C091300582826 /* Assets.xcassets */; };
		AA8B1B3A2C4C091300582826 /* Base in Resources */ = {isa = PBXBuildFile; fileRef = AA8B1B392C4C091300582826 /* Base */; };
		AA8B1B452C4D1E1100582826 /* WeatherModel.swift in Sources */ = {isa = PBXBuildFile; fileRef = AA8B1B442C4D1E1100582826 /* WeatherModel.swift */; };
		AA98A0DF2C4DD6410043BCA3 /* CloudView.swift in Sources */ = {isa = PBXBuildFile; fileRef = AA98A0DE2C4DD6410043BCA3 /* CloudView.swift */; };
		AA98A0E12C4DD6C90043BCA3 /* CloudView.xib in Resources */ = {isa = PBXBuildFile; fileRef = AA98A0E02C4DD6C90043BCA3 /* CloudView.xib */; };
		AAB211712C4E90A100C139D3 /* ParticlesModel.swift in Sources */ = {isa = PBXBuildFile; fileRef = AAB211702C4E90A100C139D3 /* ParticlesModel.swift */; };
		AABAA4982C4EB2200048E368 /* Constants.swift in Sources */ = {isa = PBXBuildFile; fileRef = AABAA4972C4EB2200048E368 /* Constants.swift */; };
		AAD1176C2C4E403200EAC9CF /* Localizable.xcstrings in Resources */ = {isa = PBXBuildFile; fileRef = AAD1176B2C4E403200EAC9CF /* Localizable.xcstrings */; };
		AAD117782C4E480E00EAC9CF /* Rain.sks in Resources */ = {isa = PBXBuildFile; fileRef = AAD117762C4E480E00EAC9CF /* Rain.sks */; };
		AAD1177D2C4E48CD00EAC9CF /* RainScene.sks in Resources */ = {isa = PBXBuildFile; fileRef = AAD1177C2C4E48CD00EAC9CF /* RainScene.sks */; };
		AAD1177F2C4E7BB800EAC9CF /* ParticleView.swift in Sources */ = {isa = PBXBuildFile; fileRef = AAD1177E2C4E7BB800EAC9CF /* ParticleView.swift */; };
		AAD117812C4E7C9E00EAC9CF /* ParticleView.xib in Resources */ = {isa = PBXBuildFile; fileRef = AAD117802C4E7C9E00EAC9CF /* ParticleView.xib */; };
		AAD117832C4E840E00EAC9CF /* Mist.sks in Resources */ = {isa = PBXBuildFile; fileRef = AAD117822C4E840E00EAC9CF /* Mist.sks */; };
		AAD117852C4E847300EAC9CF /* MistScene.sks in Resources */ = {isa = PBXBuildFile; fileRef = AAD117842C4E847300EAC9CF /* MistScene.sks */; };
/* End PBXBuildFile section */

/* Begin PBXFileReference section */
		AA8B1B2A2C4C091100582826 /* vkweather.app */ = {isa = PBXFileReference; explicitFileType = wrapper.application; includeInIndex = 0; path = vkweather.app; sourceTree = BUILT_PRODUCTS_DIR; };
		AA8B1B2D2C4C091100582826 /* AppDelegate.swift */ = {isa = PBXFileReference; lastKnownFileType = sourcecode.swift; path = AppDelegate.swift; sourceTree = "<group>"; };
		AA8B1B2F2C4C091100582826 /* SceneDelegate.swift */ = {isa = PBXFileReference; lastKnownFileType = sourcecode.swift; path = SceneDelegate.swift; sourceTree = "<group>"; };
		AA8B1B312C4C091100582826 /* WeatherViewController.swift */ = {isa = PBXFileReference; lastKnownFileType = sourcecode.swift; path = WeatherViewController.swift; sourceTree = "<group>"; };
		AA8B1B342C4C091100582826 /* Base */ = {isa = PBXFileReference; lastKnownFileType = file.storyboard; name = Base; path = Base.lproj/Main.storyboard; sourceTree = "<group>"; };
		AA8B1B362C4C091300582826 /* Assets.xcassets */ = {isa = PBXFileReference; lastKnownFileType = folder.assetcatalog; path = Assets.xcassets; sourceTree = "<group>"; };
		AA8B1B392C4C091300582826 /* Base */ = {isa = PBXFileReference; lastKnownFileType = file.storyboard; name = Base; path = Base.lproj/LaunchScreen.storyboard; sourceTree = "<group>"; };
		AA8B1B3B2C4C091300582826 /* Info.plist */ = {isa = PBXFileReference; lastKnownFileType = text.plist.xml; path = Info.plist; sourceTree = "<group>"; };
		AA8B1B442C4D1E1100582826 /* WeatherModel.swift */ = {isa = PBXFileReference; lastKnownFileType = sourcecode.swift; path = WeatherModel.swift; sourceTree = "<group>"; };
		AA98A0DE2C4DD6410043BCA3 /* CloudView.swift */ = {isa = PBXFileReference; lastKnownFileType = sourcecode.swift; path = CloudView.swift; sourceTree = "<group>"; };
		AA98A0E02C4DD6C90043BCA3 /* CloudView.xib */ = {isa = PBXFileReference; lastKnownFileType = file.xib; path = CloudView.xib; sourceTree = "<group>"; };
		AAB211702C4E90A100C139D3 /* ParticlesModel.swift */ = {isa = PBXFileReference; lastKnownFileType = sourcecode.swift; path = ParticlesModel.swift; sourceTree = "<group>"; };
		AABAA4972C4EB2200048E368 /* Constants.swift */ = {isa = PBXFileReference; lastKnownFileType = sourcecode.swift; path = Constants.swift; sourceTree = "<group>"; };
		AAD1176B2C4E403200EAC9CF /* Localizable.xcstrings */ = {isa = PBXFileReference; lastKnownFileType = text.json.xcstrings; path = Localizable.xcstrings; sourceTree = "<group>"; };
		AAD117762C4E480E00EAC9CF /* Rain.sks */ = {isa = PBXFileReference; lastKnownFileType = file.sks; path = Rain.sks; sourceTree = "<group>"; };
		AAD1177C2C4E48CD00EAC9CF /* RainScene.sks */ = {isa = PBXFileReference; lastKnownFileType = file.sks; path = RainScene.sks; sourceTree = "<group>"; };
		AAD1177E2C4E7BB800EAC9CF /* ParticleView.swift */ = {isa = PBXFileReference; lastKnownFileType = sourcecode.swift; path = ParticleView.swift; sourceTree = "<group>"; };
		AAD117802C4E7C9E00EAC9CF /* ParticleView.xib */ = {isa = PBXFileReference; lastKnownFileType = file.xib; path = ParticleView.xib; sourceTree = "<group>"; };
		AAD117822C4E840E00EAC9CF /* Mist.sks */ = {isa = PBXFileReference; lastKnownFileType = file.sks; path = Mist.sks; sourceTree = "<group>"; };
		AAD117842C4E847300EAC9CF /* MistScene.sks */ = {isa = PBXFileReference; lastKnownFileType = file.sks; path = MistScene.sks; sourceTree = "<group>"; };
/* End PBXFileReference section */

/* Begin PBXFrameworksBuildPhase section */
		AA8B1B272C4C091100582826 /* Frameworks */ = {
			isa = PBXFrameworksBuildPhase;
			buildActionMask = 2147483647;
			files = (
			);
			runOnlyForDeploymentPostprocessing = 0;
		};
/* End PBXFrameworksBuildPhase section */

/* Begin PBXGroup section */
		AA8B1B212C4C091100582826 = {
			isa = PBXGroup;
			children = (
				AA8B1B2C2C4C091100582826 /* vkweather */,
				AA8B1B2B2C4C091100582826 /* Products */,
			);
			sourceTree = "<group>";
		};
		AA8B1B2B2C4C091100582826 /* Products */ = {
			isa = PBXGroup;
			children = (
				AA8B1B2A2C4C091100582826 /* vkweather.app */,
			);
			name = Products;
			sourceTree = "<group>";
		};
		AA8B1B2C2C4C091100582826 /* vkweather */ = {
			isa = PBXGroup;
			children = (
				AA8B1B432C4D1DFE00582826 /* Controllers */,
				AA8B1B422C4D1DF600582826 /* Views */,
				AA8B1B412C4D1DEE00582826 /* Models */,
				AA8B1B2D2C4C091100582826 /* AppDelegate.swift */,
				AA8B1B2F2C4C091100582826 /* SceneDelegate.swift */,
				AA8B1B362C4C091300582826 /* Assets.xcassets */,
				AA8B1B382C4C091300582826 /* LaunchScreen.storyboard */,
				AA8B1B3B2C4C091300582826 /* Info.plist */,
				AAD1176B2C4E403200EAC9CF /* Localizable.xcstrings */,
				AABAA4972C4EB2200048E368 /* Constants.swift */,
			);
			path = vkweather;
			sourceTree = "<group>";
		};
		AA8B1B412C4D1DEE00582826 /* Models */ = {
			isa = PBXGroup;
			children = (
				AA8B1B442C4D1E1100582826 /* WeatherModel.swift */,
				AAB211702C4E90A100C139D3 /* ParticlesModel.swift */,
			);
			path = Models;
			sourceTree = "<group>";
		};
		AA8B1B422C4D1DF600582826 /* Views */ = {
			isa = PBXGroup;
			children = (
				AA8B1B332C4C091100582826 /* Main.storyboard */,
				AA98A0DE2C4DD6410043BCA3 /* CloudView.swift */,
				AA98A0E02C4DD6C90043BCA3 /* CloudView.xib */,
				AAD117712C4E432D00EAC9CF /* Particles */,
				AAD1177E2C4E7BB800EAC9CF /* ParticleView.swift */,
				AAD117802C4E7C9E00EAC9CF /* ParticleView.xib */,
			);
			path = Views;
			sourceTree = "<group>";
		};
		AA8B1B432C4D1DFE00582826 /* Controllers */ = {
			isa = PBXGroup;
			children = (
				AA8B1B312C4C091100582826 /* WeatherViewController.swift */,
			);
			path = Controllers;
			sourceTree = "<group>";
		};
		AAD117712C4E432D00EAC9CF /* Particles */ = {
			isa = PBXGroup;
			children = (
				AAD117762C4E480E00EAC9CF /* Rain.sks */,
				AAD1177C2C4E48CD00EAC9CF /* RainScene.sks */,
				AAD117822C4E840E00EAC9CF /* Mist.sks */,
				AAD117842C4E847300EAC9CF /* MistScene.sks */,
			);
			path = Particles;
			sourceTree = "<group>";
		};
/* End PBXGroup section */

/* Begin PBXNativeTarget section */
		AA8B1B292C4C091100582826 /* vkweather */ = {
			isa = PBXNativeTarget;
			buildConfigurationList = AA8B1B3E2C4C091300582826 /* Build configuration list for PBXNativeTarget "vkweather" */;
			buildPhases = (
				AA8B1B262C4C091100582826 /* Sources */,
				AA8B1B272C4C091100582826 /* Frameworks */,
				AA8B1B282C4C091100582826 /* Resources */,
			);
			buildRules = (
			);
			dependencies = (
			);
			name = vkweather;
			productName = vkweather;
			productReference = AA8B1B2A2C4C091100582826 /* vkweather.app */;
			productType = "com.apple.product-type.application";
		};
/* End PBXNativeTarget section */

/* Begin PBXProject section */
		AA8B1B222C4C091100582826 /* Project object */ = {
			isa = PBXProject;
			attributes = {
				BuildIndependentTargetsInParallel = 1;
				LastSwiftUpdateCheck = 1540;
				LastUpgradeCheck = 1540;
				TargetAttributes = {
					AA8B1B292C4C091100582826 = {
						CreatedOnToolsVersion = 15.4;
					};
				};
			};
			buildConfigurationList = AA8B1B252C4C091100582826 /* Build configuration list for PBXProject "vkweather" */;
			compatibilityVersion = "Xcode 14.0";
			developmentRegion = en;
			hasScannedForEncodings = 0;
			knownRegions = (
				en,
				Base,
				ru,
			);
			mainGroup = AA8B1B212C4C091100582826;
			productRefGroup = AA8B1B2B2C4C091100582826 /* Products */;
			projectDirPath = "";
			projectRoot = "";
			targets = (
				AA8B1B292C4C091100582826 /* vkweather */,
			);
		};
/* End PBXProject section */

/* Begin PBXResourcesBuildPhase section */
		AA8B1B282C4C091100582826 /* Resources */ = {
			isa = PBXResourcesBuildPhase;
			buildActionMask = 2147483647;
			files = (
				AA8B1B372C4C091300582826 /* Assets.xcassets in Resources */,
				AAD117832C4E840E00EAC9CF /* Mist.sks in Resources */,
				AAD117782C4E480E00EAC9CF /* Rain.sks in Resources */,
				AAD117812C4E7C9E00EAC9CF /* ParticleView.xib in Resources */,
				AAD1176C2C4E403200EAC9CF /* Localizable.xcstrings in Resources */,
				AA98A0E12C4DD6C90043BCA3 /* CloudView.xib in Resources */,
				AAD1177D2C4E48CD00EAC9CF /* RainScene.sks in Resources */,
				AA8B1B3A2C4C091300582826 /* Base in Resources */,
				AA8B1B352C4C091100582826 /* Base in Resources */,
				AAD117852C4E847300EAC9CF /* MistScene.sks in Resources */,
			);
			runOnlyForDeploymentPostprocessing = 0;
		};
/* End PBXResourcesBuildPhase section */

/* Begin PBXSourcesBuildPhase section */
		AA8B1B262C4C091100582826 /* Sources */ = {
			isa = PBXSourcesBuildPhase;
			buildActionMask = 2147483647;
			files = (
				AA98A0DF2C4DD6410043BCA3 /* CloudView.swift in Sources */,
				AA8B1B322C4C091100582826 /* WeatherViewController.swift in Sources */,
				AA8B1B2E2C4C091100582826 /* AppDelegate.swift in Sources */,
				AA8B1B452C4D1E1100582826 /* WeatherModel.swift in Sources */,
				AAD1177F2C4E7BB800EAC9CF /* ParticleView.swift in Sources */,
				AA8B1B302C4C091100582826 /* SceneDelegate.swift in Sources */,
				AAB211712C4E90A100C139D3 /* ParticlesModel.swift in Sources */,
				AABAA4982C4EB2200048E368 /* Constants.swift in Sources */,
			);
			runOnlyForDeploymentPostprocessing = 0;
		};
/* End PBXSourcesBuildPhase section */

/* Begin PBXVariantGroup section */
		AA8B1B332C4C091100582826 /* Main.storyboard */ = {
			isa = PBXVariantGroup;
			children = (
				AA8B1B342C4C091100582826 /* Base */,
			);
			name = Main.storyboard;
			sourceTree = "<group>";
		};
		AA8B1B382C4C091300582826 /* LaunchScreen.storyboard */ = {
			isa = PBXVariantGroup;
			children = (
				AA8B1B392C4C091300582826 /* Base */,
			);
			name = LaunchScreen.storyboard;
			sourceTree = "<group>";
		};
/* End PBXVariantGroup section */

/* Begin XCBuildConfiguration section */
		AA8B1B3C2C4C091300582826 /* Debug */ = {
			isa = XCBuildConfiguration;
			buildSettings = {
				ALWAYS_SEARCH_USER_PATHS = NO;
				ASSETCATALOG_COMPILER_GENERATE_SWIFT_ASSET_SYMBOL_EXTENSIONS = YES;
				CLANG_ANALYZER_NONNULL = YES;
				CLANG_ANALYZER_NUMBER_OBJECT_CONVERSION = YES_AGGRESSIVE;
				CLANG_CXX_LANGUAGE_STANDARD = "gnu++20";
				CLANG_ENABLE_MODULES = YES;
				CLANG_ENABLE_OBJC_ARC = YES;
				CLANG_ENABLE_OBJC_WEAK = YES;
				CLANG_WARN_BLOCK_CAPTURE_AUTORELEASING = YES;
				CLANG_WARN_BOOL_CONVERSION = YES;
				CLANG_WARN_COMMA = YES;
				CLANG_WARN_CONSTANT_CONVERSION = YES;
				CLANG_WARN_DEPRECATED_OBJC_IMPLEMENTATIONS = YES;
				CLANG_WARN_DIRECT_OBJC_ISA_USAGE = YES_ERROR;
				CLANG_WARN_DOCUMENTATION_COMMENTS = YES;
				CLANG_WARN_EMPTY_BODY = YES;
				CLANG_WARN_ENUM_CONVERSION = YES;
				CLANG_WARN_INFINITE_RECURSION = YES;
				CLANG_WARN_INT_CONVERSION = YES;
				CLANG_WARN_NON_LITERAL_NULL_CONVERSION = YES;
				CLANG_WARN_OBJC_IMPLICIT_RETAIN_SELF = YES;
				CLANG_WARN_OBJC_LITERAL_CONVERSION = YES;
				CLANG_WARN_OBJC_ROOT_CLASS = YES_ERROR;
				CLANG_WARN_QUOTED_INCLUDE_IN_FRAMEWORK_HEADER = YES;
				CLANG_WARN_RANGE_LOOP_ANALYSIS = YES;
				CLANG_WARN_STRICT_PROTOTYPES = YES;
				CLANG_WARN_SUSPICIOUS_MOVE = YES;
				CLANG_WARN_UNGUARDED_AVAILABILITY = YES_AGGRESSIVE;
				CLANG_WARN_UNREACHABLE_CODE = YES;
				CLANG_WARN__DUPLICATE_METHOD_MATCH = YES;
				COPY_PHASE_STRIP = NO;
				DEBUG_INFORMATION_FORMAT = dwarf;
				ENABLE_STRICT_OBJC_MSGSEND = YES;
				ENABLE_TESTABILITY = YES;
				ENABLE_USER_SCRIPT_SANDBOXING = YES;
				GCC_C_LANGUAGE_STANDARD = gnu17;
				GCC_DYNAMIC_NO_PIC = NO;
				GCC_NO_COMMON_BLOCKS = YES;
				GCC_OPTIMIZATION_LEVEL = 0;
				GCC_PREPROCESSOR_DEFINITIONS = (
					"DEBUG=1",
					"$(inherited)",
				);
				GCC_WARN_64_TO_32_BIT_CONVERSION = YES;
				GCC_WARN_ABOUT_RETURN_TYPE = YES_ERROR;
				GCC_WARN_UNDECLARED_SELECTOR = YES;
				GCC_WARN_UNINITIALIZED_AUTOS = YES_AGGRESSIVE;
				GCC_WARN_UNUSED_FUNCTION = YES;
				GCC_WARN_UNUSED_VARIABLE = YES;
				IPHONEOS_DEPLOYMENT_TARGET = 17.5;
				LOCALIZATION_PREFERS_STRING_CATALOGS = YES;
				MTL_ENABLE_DEBUG_INFO = INCLUDE_SOURCE;
				MTL_FAST_MATH = YES;
				ONLY_ACTIVE_ARCH = YES;
				SDKROOT = iphoneos;
				SWIFT_ACTIVE_COMPILATION_CONDITIONS = "DEBUG $(inherited)";
				SWIFT_OPTIMIZATION_LEVEL = "-Onone";
			};
			name = Debug;
		};
		AA8B1B3D2C4C091300582826 /* Release */ = {
			isa = XCBuildConfiguration;
			buildSettings = {
				ALWAYS_SEARCH_USER_PATHS = NO;
				ASSETCATALOG_COMPILER_GENERATE_SWIFT_ASSET_SYMBOL_EXTENSIONS = YES;
				CLANG_ANALYZER_NONNULL = YES;
				CLANG_ANALYZER_NUMBER_OBJECT_CONVERSION = YES_AGGRESSIVE;
				CLANG_CXX_LANGUAGE_STANDARD = "gnu++20";
				CLANG_ENABLE_MODULES = YES;
				CLANG_ENABLE_OBJC_ARC = YES;
				CLANG_ENABLE_OBJC_WEAK = YES;
				CLANG_WARN_BLOCK_CAPTURE_AUTORELEASING = YES;
				CLANG_WARN_BOOL_CONVERSION = YES;
				CLANG_WARN_COMMA = YES;
				CLANG_WARN_CONSTANT_CONVERSION = YES;
				CLANG_WARN_DEPRECATED_OBJC_IMPLEMENTATIONS = YES;
				CLANG_WARN_DIRECT_OBJC_ISA_USAGE = YES_ERROR;
				CLANG_WARN_DOCUMENTATION_COMMENTS = YES;
				CLANG_WARN_EMPTY_BODY = YES;
				CLANG_WARN_ENUM_CONVERSION = YES;
				CLANG_WARN_INFINITE_RECURSION = YES;
				CLANG_WARN_INT_CONVERSION = YES;
				CLANG_WARN_NON_LITERAL_NULL_CONVERSION = YES;
				CLANG_WARN_OBJC_IMPLICIT_RETAIN_SELF = YES;
				CLANG_WARN_OBJC_LITERAL_CONVERSION = YES;
				CLANG_WARN_OBJC_ROOT_CLASS = YES_ERROR;
				CLANG_WARN_QUOTED_INCLUDE_IN_FRAMEWORK_HEADER = YES;
				CLANG_WARN_RANGE_LOOP_ANALYSIS = YES;
				CLANG_WARN_STRICT_PROTOTYPES = YES;
				CLANG_WARN_SUSPICIOUS_MOVE = YES;
				CLANG_WARN_UNGUARDED_AVAILABILITY = YES_AGGRESSIVE;
				CLANG_WARN_UNREACHABLE_CODE = YES;
				CLANG_WARN__DUPLICATE_METHOD_MATCH = YES;
				COPY_PHASE_STRIP = NO;
				DEBUG_INFORMATION_FORMAT = "dwarf-with-dsym";
				ENABLE_NS_ASSERTIONS = NO;
				ENABLE_STRICT_OBJC_MSGSEND = YES;
				ENABLE_USER_SCRIPT_SANDBOXING = YES;
				GCC_C_LANGUAGE_STANDARD = gnu17;
				GCC_NO_COMMON_BLOCKS = YES;
				GCC_WARN_64_TO_32_BIT_CONVERSION = YES;
				GCC_WARN_ABOUT_RETURN_TYPE = YES_ERROR;
				GCC_WARN_UNDECLARED_SELECTOR = YES;
				GCC_WARN_UNINITIALIZED_AUTOS = YES_AGGRESSIVE;
				GCC_WARN_UNUSED_FUNCTION = YES;
				GCC_WARN_UNUSED_VARIABLE = YES;
				IPHONEOS_DEPLOYMENT_TARGET = 17.5;
				LOCALIZATION_PREFERS_STRING_CATALOGS = YES;
				MTL_ENABLE_DEBUG_INFO = NO;
				MTL_FAST_MATH = YES;
				SDKROOT = iphoneos;
				SWIFT_COMPILATION_MODE = wholemodule;
				VALIDATE_PRODUCT = YES;
			};
			name = Release;
		};
		AA8B1B3F2C4C091300582826 /* Debug */ = {
			isa = XCBuildConfiguration;
			buildSettings = {
				ASSETCATALOG_COMPILER_APPICON_NAME = AppIcon;
				ASSETCATALOG_COMPILER_GLOBAL_ACCENT_COLOR_NAME = AccentColor;
				CODE_SIGN_STYLE = Automatic;
				CURRENT_PROJECT_VERSION = 1;
				DEVELOPMENT_TEAM = H394Z7FW8V;
				GENERATE_INFOPLIST_FILE = YES;
				INFOPLIST_FILE = vkweather/Info.plist;
				INFOPLIST_KEY_CFBundleDisplayName = "Weather Picker";
				INFOPLIST_KEY_LSApplicationCategoryType = "public.app-category.entertainment";
				INFOPLIST_KEY_UIApplicationSupportsIndirectInputEvents = YES;
				INFOPLIST_KEY_UILaunchStoryboardName = LaunchScreen;
				INFOPLIST_KEY_UIMainStoryboardFile = Main;
				INFOPLIST_KEY_UISupportedInterfaceOrientations_iPad = "UIInterfaceOrientationPortrait UIInterfaceOrientationPortraitUpsideDown UIInterfaceOrientationLandscapeLeft UIInterfaceOrientationLandscapeRight";
				INFOPLIST_KEY_UISupportedInterfaceOrientations_iPhone = "UIInterfaceOrientationPortrait UIInterfaceOrientationLandscapeLeft UIInterfaceOrientationLandscapeRight";
				LD_RUNPATH_SEARCH_PATHS = (
					"$(inherited)",
					"@executable_path/Frameworks",
				);
				MARKETING_VERSION = 1.0;
				PRODUCT_BUNDLE_IDENTIFIER = dev.ricz.vkweather;
				PRODUCT_NAME = "$(TARGET_NAME)";
				SWIFT_EMIT_LOC_STRINGS = YES;
				SWIFT_VERSION = 5.0;
				TARGETED_DEVICE_FAMILY = "1,2";
			};
			name = Debug;
		};
		AA8B1B402C4C091300582826 /* Release */ = {
			isa = XCBuildConfiguration;
			buildSettings = {
				ASSETCATALOG_COMPILER_APPICON_NAME = AppIcon;
				ASSETCATALOG_COMPILER_GLOBAL_ACCENT_COLOR_NAME = AccentColor;
				CODE_SIGN_STYLE = Automatic;
				CURRENT_PROJECT_VERSION = 1;
				DEVELOPMENT_TEAM = H394Z7FW8V;
				GENERATE_INFOPLIST_FILE = YES;
				INFOPLIST_FILE = vkweather/Info.plist;
				INFOPLIST_KEY_CFBundleDisplayName = "Weather Picker";
				INFOPLIST_KEY_LSApplicationCategoryType = "public.app-category.entertainment";
				INFOPLIST_KEY_UIApplicationSupportsIndirectInputEvents = YES;
				INFOPLIST_KEY_UILaunchStoryboardName = LaunchScreen;
				INFOPLIST_KEY_UIMainStoryboardFile = Main;
				INFOPLIST_KEY_UISupportedInterfaceOrientations_iPad = "UIInterfaceOrientationPortrait UIInterfaceOrientationPortraitUpsideDown UIInterfaceOrientationLandscapeLeft UIInterfaceOrientationLandscapeRight";
				INFOPLIST_KEY_UISupportedInterfaceOrientations_iPhone = "UIInterfaceOrientationPortrait UIInterfaceOrientationLandscapeLeft UIInterfaceOrientationLandscapeRight";
				LD_RUNPATH_SEARCH_PATHS = (
					"$(inherited)",
					"@executable_path/Frameworks",
				);
				MARKETING_VERSION = 1.0;
				PRODUCT_BUNDLE_IDENTIFIER = dev.ricz.vkweather;
				PRODUCT_NAME = "$(TARGET_NAME)";
				SWIFT_EMIT_LOC_STRINGS = YES;
				SWIFT_VERSION = 5.0;
				TARGETED_DEVICE_FAMILY = "1,2";
			};
			name = Release;
		};
/* End XCBuildConfiguration section */

/* Begin XCConfigurationList section */
		AA8B1B252C4C091100582826 /* Build configuration list for PBXProject "vkweather" */ = {
			isa = XCConfigurationList;
			buildConfigurations = (
				AA8B1B3C2C4C091300582826 /* Debug */,
				AA8B1B3D2C4C091300582826 /* Release */,
			);
			defaultConfigurationIsVisible = 0;
			defaultConfigurationName = Release;
		};
		AA8B1B3E2C4C091300582826 /* Build configuration list for PBXNativeTarget "vkweather" */ = {
			isa = XCConfigurationList;
			buildConfigurations = (
				AA8B1B3F2C4C091300582826 /* Debug */,
				AA8B1B402C4C091300582826 /* Release */,
			);
			defaultConfigurationIsVisible = 0;
			defaultConfigurationName = Release;
		};
/* End XCConfigurationList section */
	};
	rootObject = AA8B1B222C4C091100582826 /* Project object */;
}
